github.com/tr1v3r/pkg v0.1.10-0.20240223081328-ef7833c3a0e5 h1:12Z76raIkWxVikxJGnkYm3cj9r9sJxAGZN1hKZy7pXQ=
github.com/tr1v3r/pkg v0.1.10-0.20240223081328-ef7833c3a0e5/go.mod h1:dG8/OZMlgESoh6SV60XFiEwv6pEBYT+BHQVoHtKTOb8=
github.com/tr1v3r/pkg v0.1.10-0.20240223081956-ec55bc2a5ab6 h1:p3/JinKB3FIeTzUBqKEM15yqEsYKmznpp+pG3lqHiCc=
github.com/tr1v3r/pkg v0.1.10-0.20240223081956-ec55bc2a5ab6/go.mod h1:dG8/OZMlgESoh6SV60XFiEwv6pEBYT+BHQVoHtKTOb8=
github.com/tr1v3r/pkg v0.1.10-0.20240223083409-2ea49ceaf79c h1:dUFYWPaflPwIgfQGyV7LM+97SqgW8hboRBp0Boqq0Co=
github.com/tr1v3r/pkg v0.1.10-0.20240223083409-2ea49ceaf79c/go.mod h1:dG8/OZMlgESoh6SV60XFiEwv6pEBYT+BHQVoHtKTOb8=
